// !$*UTF8*$!
{
	archiveVersion = 1;
	classes = {
	};
	objectVersion = 46;
	objects = {

/* Begin PBXBuildFile section */
		F91944721F1F56BA00C4140F /* KSImageCarousel.framework in Frameworks */ = {isa = PBXBuildFile; fileRef = F91944711F1F56BA00C4140F /* KSImageCarousel.framework */; };
		F91944731F1F56BA00C4140F /* KSImageCarousel.framework in Embed Frameworks */ = {isa = PBXBuildFile; fileRef = F91944711F1F56BA00C4140F /* KSImageCarousel.framework */; settings = {ATTRIBUTES = (CodeSignOnCopy, RemoveHeadersOnCopy, ); }; };
		F9D158531ED5B94100F4EAD7 /* AppDelegate.swift in Sources */ = {isa = PBXBuildFile; fileRef = F9D158521ED5B94100F4EAD7 /* AppDelegate.swift */; };
		F9D158581ED5B94100F4EAD7 /* Main.storyboard in Resources */ = {isa = PBXBuildFile; fileRef = F9D158561ED5B94100F4EAD7 /* Main.storyboard */; };
		F9D1585A1ED5B94100F4EAD7 /* Assets.xcassets in Resources */ = {isa = PBXBuildFile; fileRef = F9D158591ED5B94100F4EAD7 /* Assets.xcassets */; };
		F9D1585D1ED5B94100F4EAD7 /* LaunchScreen.storyboard in Resources */ = {isa = PBXBuildFile; fileRef = F9D1585B1ED5B94100F4EAD7 /* LaunchScreen.storyboard */; };
		F9D4A6441F20864500CBEE07 /* placeholder.jpg in Resources */ = {isa = PBXBuildFile; fileRef = F9D4A6431F20864500CBEE07 /* placeholder.jpg */; };
		F9F4813A1F24AB9F00F647CF /* InfinityDemoViewController.swift in Sources */ = {isa = PBXBuildFile; fileRef = F9F481391F24AB9F00F647CF /* InfinityDemoViewController.swift */; };
		F9F4813C1F24ABB600F647CF /* FiniteDemoViewController.swift in Sources */ = {isa = PBXBuildFile; fileRef = F9F4813B1F24ABB600F647CF /* FiniteDemoViewController.swift */; };
		F9F481441F24AE7900F647CF /* Image-0.jpg in Resources */ = {isa = PBXBuildFile; fileRef = F9F4813E1F24AE7900F647CF /* Image-0.jpg */; };
		F9F481451F24AE7900F647CF /* Image-1.jpg in Resources */ = {isa = PBXBuildFile; fileRef = F9F4813F1F24AE7900F647CF /* Image-1.jpg */; };
		F9F481461F24AE7900F647CF /* Image-2.jpg in Resources */ = {isa = PBXBuildFile; fileRef = F9F481401F24AE7900F647CF /* Image-2.jpg */; };
		F9F481471F24AE7900F647CF /* Image-3.jpg in Resources */ = {isa = PBXBuildFile; fileRef = F9F481411F24AE7900F647CF /* Image-3.jpg */; };
		F9F481481F24AE7900F647CF /* Image-4.jpg in Resources */ = {isa = PBXBuildFile; fileRef = F9F481421F24AE7900F647CF /* Image-4.jpg */; };
		F9F481491F24AE7900F647CF /* Image-5.jpg in Resources */ = {isa = PBXBuildFile; fileRef = F9F481431F24AE7900F647CF /* Image-5.jpg */; };
/* End PBXBuildFile section */

/* Begin PBXCopyFilesBuildPhase section */
		F91944741F1F56BA00C4140F /* Embed Frameworks */ = {
			isa = PBXCopyFilesBuildPhase;
			buildActionMask = 2147483647;
			dstPath = "";
			dstSubfolderSpec = 10;
			files = (
				F91944731F1F56BA00C4140F /* KSImageCarousel.framework in Embed Frameworks */,
			);
			name = "Embed Frameworks";
			runOnlyForDeploymentPostprocessing = 0;
		};
/* End PBXCopyFilesBuildPhase section */

/* Begin PBXFileReference section */
		F91944711F1F56BA00C4140F /* KSImageCarousel.framework */ = {isa = PBXFileReference; explicitFileType = wrapper.framework; path = KSImageCarousel.framework; sourceTree = BUILT_PRODUCTS_DIR; };
		F9D1584F1ED5B94100F4EAD7 /* KSImageCarouselExample.app */ = {isa = PBXFileReference; explicitFileType = wrapper.application; includeInIndex = 0; path = KSImageCarouselExample.app; sourceTree = BUILT_PRODUCTS_DIR; };
		F9D158521ED5B94100F4EAD7 /* AppDelegate.swift */ = {isa = PBXFileReference; lastKnownFileType = sourcecode.swift; path = AppDelegate.swift; sourceTree = "<group>"; };
		F9D158571ED5B94100F4EAD7 /* Base */ = {isa = PBXFileReference; lastKnownFileType = file.storyboard; name = Base; path = Base.lproj/Main.storyboard; sourceTree = "<group>"; };
		F9D158591ED5B94100F4EAD7 /* Assets.xcassets */ = {isa = PBXFileReference; lastKnownFileType = folder.assetcatalog; path = Assets.xcassets; sourceTree = "<group>"; };
		F9D1585C1ED5B94100F4EAD7 /* Base */ = {isa = PBXFileReference; lastKnownFileType = file.storyboard; name = Base; path = Base.lproj/LaunchScreen.storyboard; sourceTree = "<group>"; };
		F9D1585E1ED5B94100F4EAD7 /* Info.plist */ = {isa = PBXFileReference; lastKnownFileType = text.plist.xml; path = Info.plist; sourceTree = "<group>"; };
		F9D4A6431F20864500CBEE07 /* placeholder.jpg */ = {isa = PBXFileReference; lastKnownFileType = image.jpeg; path = placeholder.jpg; sourceTree = "<group>"; };
		F9F481391F24AB9F00F647CF /* InfinityDemoViewController.swift */ = {isa = PBXFileReference; fileEncoding = 4; lastKnownFileType = sourcecode.swift; path = InfinityDemoViewController.swift; sourceTree = "<group>"; };
		F9F4813B1F24ABB600F647CF /* FiniteDemoViewController.swift */ = {isa = PBXFileReference; fileEncoding = 4; lastKnownFileType = sourcecode.swift; path = FiniteDemoViewController.swift; sourceTree = "<group>"; };
		F9F4813E1F24AE7900F647CF /* Image-0.jpg */ = {isa = PBXFileReference; lastKnownFileType = image.jpeg; path = "Image-0.jpg"; sourceTree = "<group>"; };
		F9F4813F1F24AE7900F647CF /* Image-1.jpg */ = {isa = PBXFileReference; lastKnownFileType = image.jpeg; path = "Image-1.jpg"; sourceTree = "<group>"; };
		F9F481401F24AE7900F647CF /* Image-2.jpg */ = {isa = PBXFileReference; lastKnownFileType = image.jpeg; path = "Image-2.jpg"; sourceTree = "<group>"; };
		F9F481411F24AE7900F647CF /* Image-3.jpg */ = {isa = PBXFileReference; lastKnownFileType = image.jpeg; path = "Image-3.jpg"; sourceTree = "<group>"; };
		F9F481421F24AE7900F647CF /* Image-4.jpg */ = {isa = PBXFileReference; lastKnownFileType = image.jpeg; path = "Image-4.jpg"; sourceTree = "<group>"; };
		F9F481431F24AE7900F647CF /* Image-5.jpg */ = {isa = PBXFileReference; lastKnownFileType = image.jpeg; path = "Image-5.jpg"; sourceTree = "<group>"; };
/* End PBXFileReference section */

/* Begin PBXFrameworksBuildPhase section */
		F9D1584C1ED5B94100F4EAD7 /* Frameworks */ = {
			isa = PBXFrameworksBuildPhase;
			buildActionMask = 2147483647;
			files = (
				F91944721F1F56BA00C4140F /* KSImageCarousel.framework in Frameworks */,
			);
			runOnlyForDeploymentPostprocessing = 0;
		};
/* End PBXFrameworksBuildPhase section */

/* Begin PBXGroup section */
		3AEDB88392DE9A467EA9C030 /* Frameworks */ = {
			isa = PBXGroup;
			children = (
				F91944711F1F56BA00C4140F /* KSImageCarousel.framework */,
			);
			name = Frameworks;
			sourceTree = "<group>";
		};
		F9D158461ED5B94100F4EAD7 = {
			isa = PBXGroup;
			children = (
				F9D158511ED5B94100F4EAD7 /* KSImageCarouselExample */,
				F9D158501ED5B94100F4EAD7 /* Products */,
				3AEDB88392DE9A467EA9C030 /* Frameworks */,
			);
			sourceTree = "<group>";
		};
		F9D158501ED5B94100F4EAD7 /* Products */ = {
			isa = PBXGroup;
			children = (
				F9D1584F1ED5B94100F4EAD7 /* KSImageCarouselExample.app */,
			);
			name = Products;
			sourceTree = "<group>";
		};
		F9D158511ED5B94100F4EAD7 /* KSImageCarouselExample */ = {
			isa = PBXGroup;
			children = (
				F9D158521ED5B94100F4EAD7 /* AppDelegate.swift */,
				F9F481391F24AB9F00F647CF /* InfinityDemoViewController.swift */,
				F9F4813B1F24ABB600F647CF /* FiniteDemoViewController.swift */,
				F9D158561ED5B94100F4EAD7 /* Main.storyboard */,
				F9D158591ED5B94100F4EAD7 /* Assets.xcassets */,
				F9D1585B1ED5B94100F4EAD7 /* LaunchScreen.storyboard */,
				F9D1585E1ED5B94100F4EAD7 /* Info.plist */,
				F9D4A6431F20864500CBEE07 /* placeholder.jpg */,
				F9F4813D1F24AE7900F647CF /* Sample-Photos */,
			);
			path = KSImageCarouselExample;
			sourceTree = "<group>";
		};
		F9F4813D1F24AE7900F647CF /* Sample-Photos */ = {
			isa = PBXGroup;
			children = (
				F9F4813E1F24AE7900F647CF /* Image-0.jpg */,
				F9F4813F1F24AE7900F647CF /* Image-1.jpg */,
				F9F481401F24AE7900F647CF /* Image-2.jpg */,
				F9F481411F24AE7900F647CF /* Image-3.jpg */,
				F9F481421F24AE7900F647CF /* Image-4.jpg */,
				F9F481431F24AE7900F647CF /* Image-5.jpg */,
			);
			path = "Sample-Photos";
			sourceTree = "<group>";
		};
/* End PBXGroup section */

/* Begin PBXNativeTarget section */
		F9D1584E1ED5B94100F4EAD7 /* KSImageCarouselExample */ = {
			isa = PBXNativeTarget;
			buildConfigurationList = F9D158611ED5B94100F4EAD7 /* Build configuration list for PBXNativeTarget "KSImageCarouselExample" */;
			buildPhases = (
				F9D1584B1ED5B94100F4EAD7 /* Sources */,
				F9D1584C1ED5B94100F4EAD7 /* Frameworks */,
				F9D1584D1ED5B94100F4EAD7 /* Resources */,
				F91944741F1F56BA00C4140F /* Embed Frameworks */,
			);
			buildRules = (
			);
			dependencies = (
			);
			name = KSImageCarouselExample;
			productName = KSImageCarouselExample;
			productReference = F9D1584F1ED5B94100F4EAD7 /* KSImageCarouselExample.app */;
			productType = "com.apple.product-type.application";
		};
/* End PBXNativeTarget section */

/* Begin PBXProject section */
		F9D158471ED5B94100F4EAD7 /* Project object */ = {
			isa = PBXProject;
			attributes = {
				LastSwiftUpdateCheck = 0830;
				LastUpgradeCheck = 1120;
				ORGANIZATIONNAME = "Lee Kah Seng";
				TargetAttributes = {
					F9D1584E1ED5B94100F4EAD7 = {
						CreatedOnToolsVersion = 8.3.2;
						DevelopmentTeam = SM42V25455;
						LastSwiftMigration = 1120;
						ProvisioningStyle = Automatic;
					};
				};
			};
			buildConfigurationList = F9D1584A1ED5B94100F4EAD7 /* Build configuration list for PBXProject "KSImageCarouselExample" */;
			compatibilityVersion = "Xcode 3.2";
			developmentRegion = en;
			hasScannedForEncodings = 0;
			knownRegions = (
				en,
				Base,
			);
			mainGroup = F9D158461ED5B94100F4EAD7;
			productRefGroup = F9D158501ED5B94100F4EAD7 /* Products */;
			projectDirPath = "";
			projectRoot = "";
			targets = (
				F9D1584E1ED5B94100F4EAD7 /* KSImageCarouselExample */,
			);
		};
/* End PBXProject section */

/* Begin PBXResourcesBuildPhase section */
		F9D1584D1ED5B94100F4EAD7 /* Resources */ = {
			isa = PBXResourcesBuildPhase;
			buildActionMask = 2147483647;
			files = (
				F9D1585D1ED5B94100F4EAD7 /* LaunchScreen.storyboard in Resources */,
				F9F481491F24AE7900F647CF /* Image-5.jpg in Resources */,
				F9F481451F24AE7900F647CF /* Image-1.jpg in Resources */,
				F9F481441F24AE7900F647CF /* Image-0.jpg in Resources */,
				F9F481461F24AE7900F647CF /* Image-2.jpg in Resources */,
				F9D4A6441F20864500CBEE07 /* placeholder.jpg in Resources */,
				F9F481471F24AE7900F647CF /* Image-3.jpg in Resources */,
				F9D1585A1ED5B94100F4EAD7 /* Assets.xcassets in Resources */,
				F9F481481F24AE7900F647CF /* Image-4.jpg in Resources */,
				F9D158581ED5B94100F4EAD7 /* Main.storyboard in Resources */,
			);
			runOnlyForDeploymentPostprocessing = 0;
		};
/* End PBXResourcesBuildPhase section */

/* Begin PBXSourcesBuildPhase section */
		F9D1584B1ED5B94100F4EAD7 /* Sources */ = {
			isa = PBXSourcesBuildPhase;
			buildActionMask = 2147483647;
			files = (
				F9F4813C1F24ABB600F647CF /* FiniteDemoViewController.swift in Sources */,
				F9D158531ED5B94100F4EAD7 /* AppDelegate.swift in Sources */,
				F9F4813A1F24AB9F00F647CF /* InfinityDemoViewController.swift in Sources */,
			);
			runOnlyForDeploymentPostprocessing = 0;
		};
/* End PBXSourcesBuildPhase section */

/* Begin PBXVariantGroup section */
		F9D158561ED5B94100F4EAD7 /* Main.storyboard */ = {
			isa = PBXVariantGroup;
			children = (
				F9D158571ED5B94100F4EAD7 /* Base */,
			);
			name = Main.storyboard;
			sourceTree = "<group>";
		};
		F9D1585B1ED5B94100F4EAD7 /* LaunchScreen.storyboard */ = {
			isa = PBXVariantGroup;
			children = (
				F9D1585C1ED5B94100F4EAD7 /* Base */,
			);
			name = LaunchScreen.storyboard;
			sourceTree = "<group>";
		};
/* End PBXVariantGroup section */

/* Begin XCBuildConfiguration section */
		F9D1585F1ED5B94100F4EAD7 /* Debug */ = {
			isa = XCBuildConfiguration;
			buildSettings = {
				ALWAYS_SEARCH_USER_PATHS = NO;
				CLANG_ANALYZER_LOCALIZABILITY_NONLOCALIZED = YES;
				CLANG_ANALYZER_NONNULL = YES;
				CLANG_ANALYZER_NUMBER_OBJECT_CONVERSION = YES_AGGRESSIVE;
				CLANG_CXX_LANGUAGE_STANDARD = "gnu++0x";
				CLANG_CXX_LIBRARY = "libc++";
				CLANG_ENABLE_MODULES = YES;
				CLANG_ENABLE_OBJC_ARC = YES;
				CLANG_WARN_BLOCK_CAPTURE_AUTORELEASING = YES;
				CLANG_WARN_BOOL_CONVERSION = YES;
				CLANG_WARN_COMMA = YES;
				CLANG_WARN_CONSTANT_CONVERSION = YES;
				CLANG_WARN_DEPRECATED_OBJC_IMPLEMENTATIONS = YES;
				CLANG_WARN_DIRECT_OBJC_ISA_USAGE = YES_ERROR;
				CLANG_WARN_DOCUMENTATION_COMMENTS = YES;
				CLANG_WARN_EMPTY_BODY = YES;
				CLANG_WARN_ENUM_CONVERSION = YES;
				CLANG_WARN_INFINITE_RECURSION = YES;
				CLANG_WARN_INT_CONVERSION = YES;
				CLANG_WARN_NON_LITERAL_NULL_CONVERSION = YES;
				CLANG_WARN_OBJC_IMPLICIT_RETAIN_SELF = YES;
				CLANG_WARN_OBJC_LITERAL_CONVERSION = YES;
				CLANG_WARN_OBJC_ROOT_CLASS = YES_ERROR;
				CLANG_WARN_RANGE_LOOP_ANALYSIS = YES;
				CLANG_WARN_STRICT_PROTOTYPES = YES;
				CLANG_WARN_SUSPICIOUS_MOVE = YES;
				CLANG_WARN_UNREACHABLE_CODE = YES;
				CLANG_WARN__DUPLICATE_METHOD_MATCH = YES;
				"CODE_SIGN_IDENTITY[sdk=iphoneos*]" = "iPhone Developer";
				COPY_PHASE_STRIP = NO;
				DEBUG_INFORMATION_FORMAT = dwarf;
				ENABLE_STRICT_OBJC_MSGSEND = YES;
				ENABLE_TESTABILITY = YES;
				GCC_C_LANGUAGE_STANDARD = gnu99;
				GCC_DYNAMIC_NO_PIC = NO;
				GCC_NO_COMMON_BLOCKS = YES;
				GCC_OPTIMIZATION_LEVEL = 0;
				GCC_PREPROCESSOR_DEFINITIONS = (
					"DEBUG=1",
					"$(inherited)",
				);
				GCC_WARN_64_TO_32_BIT_CONVERSION = YES;
				GCC_WARN_ABOUT_RETURN_TYPE = YES_ERROR;
				GCC_WARN_UNDECLARED_SELECTOR = YES;
				GCC_WARN_UNINITIALIZED_AUTOS = YES_AGGRESSIVE;
				GCC_WARN_UNUSED_FUNCTION = YES;
				GCC_WARN_UNUSED_VARIABLE = YES;
				IPHONEOS_DEPLOYMENT_TARGET = 10.3;
				MTL_ENABLE_DEBUG_INFO = YES;
				ONLY_ACTIVE_ARCH = YES;
				SDKROOT = iphoneos;
				SWIFT_ACTIVE_COMPILATION_CONDITIONS = DEBUG;
				SWIFT_OPTIMIZATION_LEVEL = "-Onone";
			};
			name = Debug;
		};
		F9D158601ED5B94100F4EAD7 /* Release */ = {
			isa = XCBuildConfiguration;
			buildSettings = {
				ALWAYS_SEARCH_USER_PATHS = NO;
				CLANG_ANALYZER_LOCALIZABILITY_NONLOCALIZED = YES;
				CLANG_ANALYZER_NONNULL = YES;
				CLANG_ANALYZER_NUMBER_OBJECT_CONVERSION = YES_AGGRESSIVE;
				CLANG_CXX_LANGUAGE_STANDARD = "gnu++0x";
				CLANG_CXX_LIBRARY = "libc++";
				CLANG_ENABLE_MODULES = YES;
				CLANG_ENABLE_OBJC_ARC = YES;
				CLANG_WARN_BLOCK_CAPTURE_AUTORELEASING = YES;
				CLANG_WARN_BOOL_CONVERSION = YES;
				CLANG_WARN_COMMA = YES;
				CLANG_WARN_CONSTANT_CONVERSION = YES;
				CLANG_WARN_DEPRECATED_OBJC_IMPLEMENTATIONS = YES;
				CLANG_WARN_DIRECT_OBJC_ISA_USAGE = YES_ERROR;
				CLANG_WARN_DOCUMENTATION_COMMENTS = YES;
				CLANG_WARN_EMPTY_BODY = YES;
				CLANG_WARN_ENUM_CONVERSION = YES;
				CLANG_WARN_INFINITE_RECURSION = YES;
				CLANG_WARN_INT_CONVERSION = YES;
				CLANG_WARN_NON_LITERAL_NULL_CONVERSION = YES;
				CLANG_WARN_OBJC_IMPLICIT_RETAIN_SELF = YES;
				CLANG_WARN_OBJC_LITERAL_CONVERSION = YES;
				CLANG_WARN_OBJC_ROOT_CLASS = YES_ERROR;
				CLANG_WARN_RANGE_LOOP_ANALYSIS = YES;
				CLANG_WARN_STRICT_PROTOTYPES = YES;
				CLANG_WARN_SUSPICIOUS_MOVE = YES;
				CLANG_WARN_UNREACHABLE_CODE = YES;
				CLANG_WARN__DUPLICATE_METHOD_MATCH = YES;
				"CODE_SIGN_IDENTITY[sdk=iphoneos*]" = "iPhone Developer";
				COPY_PHASE_STRIP = NO;
				DEBUG_INFORMATION_FORMAT = "dwarf-with-dsym";
				ENABLE_NS_ASSERTIONS = NO;
				ENABLE_STRICT_OBJC_MSGSEND = YES;
				GCC_C_LANGUAGE_STANDARD = gnu99;
				GCC_NO_COMMON_BLOCKS = YES;
				GCC_WARN_64_TO_32_BIT_CONVERSION = YES;
				GCC_WARN_ABOUT_RETURN_TYPE = YES_ERROR;
				GCC_WARN_UNDECLARED_SELECTOR = YES;
				GCC_WARN_UNINITIALIZED_AUTOS = YES_AGGRESSIVE;
				GCC_WARN_UNUSED_FUNCTION = YES;
				GCC_WARN_UNUSED_VARIABLE = YES;
				IPHONEOS_DEPLOYMENT_TARGET = 10.3;
				MTL_ENABLE_DEBUG_INFO = NO;
				SDKROOT = iphoneos;
				SWIFT_OPTIMIZATION_LEVEL = "-Owholemodule";
				VALIDATE_PRODUCT = YES;
			};
			name = Release;
		};
		F9D158621ED5B94100F4EAD7 /* Debug */ = {
			isa = XCBuildConfiguration;
			buildSettings = {
				ASSETCATALOG_COMPILER_APPICON_NAME = AppIcon;
				DEVELOPMENT_TEAM = SM42V25455;
				INFOPLIST_FILE = KSImageCarouselExample/Info.plist;
				IPHONEOS_DEPLOYMENT_TARGET = 10.3;
				LD_RUNPATH_SEARCH_PATHS = "$(inherited) @executable_path/Frameworks";
				PRODUCT_BUNDLE_IDENTIFIER = com.LeeKahSeng.KSImageCarouselExample;
				PRODUCT_NAME = "$(TARGET_NAME)";
				SWIFT_SWIFT3_OBJC_INFERENCE = Default;
				SWIFT_VERSION = 5.0;
			};
			name = Debug;
		};
		F9D158631ED5B94100F4EAD7 /* Release */ = {
			isa = XCBuildConfiguration;
			buildSettings = {
				ASSETCATALOG_COMPILER_APPICON_NAME = AppIcon;
				DEVELOPMENT_TEAM = SM42V25455;
				INFOPLIST_FILE = KSImageCarouselExample/Info.plist;
				IPHONEOS_DEPLOYMENT_TARGET = 10.3;
				LD_RUNPATH_SEARCH_PATHS = "$(inherited) @executable_path/Frameworks";
				PRODUCT_BUNDLE_IDENTIFIER = com.LeeKahSeng.KSImageCarouselExample;
				PRODUCT_NAME = "$(TARGET_NAME)";
				SWIFT_SWIFT3_OBJC_INFERENCE = Default;
				SWIFT_VERSION = 5.0;
			};
			name = Release;
		};
/* End XCBuildConfiguration section */

/* Begin XCConfigurationList section */
		F9D1584A1ED5B94100F4EAD7 /* Build configuration list for PBXProject "KSImageCarouselExample" */ = {
			isa = XCConfigurationList;
			buildConfigurations = (
				F9D1585F1ED5B94100F4EAD7 /* Debug */,
				F9D158601ED5B94100F4EAD7 /* Release */,
			);
			defaultConfigurationIsVisible = 0;
			defaultConfigurationName = Release;
		};
		F9D158611ED5B94100F4EAD7 /* Build configuration list for PBXNativeTarget "KSImageCarouselExample" */ = {
			isa = XCConfigurationList;
			buildConfigurations = (
				F9D158621ED5B94100F4EAD7 /* Debug */,
				F9D158631ED5B94100F4EAD7 /* Release */,
			);
			defaultConfigurationIsVisible = 0;
			defaultConfigurationName = Release;
		};
/* End XCConfigurationList section */
	};
	rootObject = F9D158471ED5B94100F4EAD7 /* Project object */;
}
